
Microsoft Visual Studio Solution File, Format Version 12.00
# Visual Studio Version 16
VisualStudioVersion = 16.0.31402.337
MinimumVisualStudioVersion = 10.0.40219.1
Project("{8BC9CEB8-8B4A-11D0-8D11-00A0C91BC942}") = "TombsSearching", "TombsSearching.vcxproj", "{BA54F3B9-12D1-4038-B322-264393310262}"
EndProject
Global
	GlobalSection(SolutionConfigurationPlatforms) = preSolution
		Debug|x64 = Debug|x64
		Debug|x86 = Debug|x86
		Release|x64 = Release|x64
		Release|x86 = Release|x86
	EndGlobalSection
	GlobalSection(ProjectConfigurationPlatforms) = postSolution
		{BA54F3B9-12D1-4038-B322-264393310262}.Debug|x64.ActiveCfg = Debug|x64
		{BA54F3B9-12D1-4038-B322-264393310262}.Debug|x64.Build.0 = Debug|x64
		{BA54F3B9-12D1-4038-B322-264393310262}.Debug|x86.ActiveCfg = Debug|Win32
		{BA54F3B9-12D1-4038-B322-264393310262}.Debug|x86.Build.0 = Debug|Win32
		{BA54F3B9-12D1-4038-B322-264393310262}.Release|x64.ActiveCfg = Release|x64
		{BA54F3B9-12D1-4038-B322-264393310262}.Release|x64.Build.0 = Release|x64
		{BA54F3B9-12D1-4038-B322-264393310262}.Release|x86.ActiveCfg = Release|Win32
		{BA54F3B9-12D1-4038-B322-264393310262}.Release|x86.Build.0 = Release|Win32
	EndGlobalSection
	GlobalSection(SolutionProperties) = preSolution
		HideSolutionNode = FALSE
	EndGlobalSection
	GlobalSection(ExtensibilityGlobals) = postSolution
		SolutionGuid = {4509EA75-4934-4D77-A099-BFC24774FCD5}
	EndGlobalSection
EndGlobal
